
Microsoft Visual Studio Solution File, Format Version 12.00
# Visual Studio Version 17
VisualStudioVersion = 17.0.31903.59
MinimumVisualStudioVersion = 10.0.40219.1
Project("{FAE04EC0-301F-11D3-BF4B-00C04F79EFBC}") = "Shaddle", "Shaddle\Shaddle.csproj", "{9CCC40A6-7DB4-4243-81B7-D858B023E094}"
EndProject
Project("{FAE04EC0-301F-11D3-BF4B-00C04F79EFBC}") = "Shaddle.Tests", "Shaddle.Tests\Shaddle.Tests.csproj", "{CF4AACAA-C41B-44F3-AF71-0C66A293D0AE}"
EndProject
Global
	GlobalSection(SolutionConfigurationPlatforms) = preSolution
		Debug|Any CPU = Debug|Any CPU
		Debug|x64 = Debug|x64
		Debug|x86 = Debug|x86
		Release|Any CPU = Release|Any CPU
		Release|x64 = Release|x64
		Release|x86 = Release|x86
	EndGlobalSection
	GlobalSection(ProjectConfigurationPlatforms) = postSolution
		{9CCC40A6-7DB4-4243-81B7-D858B023E094}.Debug|Any CPU.ActiveCfg = Debug|Any CPU
		{9CCC40A6-7DB4-4243-81B7-D858B023E094}.Debug|Any CPU.Build.0 = Debug|Any CPU
		{9CCC40A6-7DB4-4243-81B7-D858B023E094}.Debug|x64.ActiveCfg = Debug|Any CPU
		{9CCC40A6-7DB4-4243-81B7-D858B023E094}.Debug|x64.Build.0 = Debug|Any CPU
		{9CCC40A6-7DB4-4243-81B7-D858B023E094}.Debug|x86.ActiveCfg = Debug|Any CPU
		{9CCC40A6-7DB4-4243-81B7-D858B023E094}.Debug|x86.Build.0 = Debug|Any CPU
		{9CCC40A6-7DB4-4243-81B7-D858B023E094}.Release|Any CPU.ActiveCfg = Release|Any CPU
		{9CCC40A6-7DB4-4243-81B7-D858B023E094}.Release|Any CPU.Build.0 = Release|Any CPU
		{9CCC40A6-7DB4-4243-81B7-D858B023E094}.Release|x64.ActiveCfg = Release|Any CPU
		{9CCC40A6-7DB4-4243-81B7-D858B023E094}.Release|x64.Build.0 = Release|Any CPU
		{9CCC40A6-7DB4-4243-81B7-D858B023E094}.Release|x86.ActiveCfg = Release|Any CPU
		{9CCC40A6-7DB4-4243-81B7-D858B023E094}.Release|x86.Build.0 = Release|Any CPU
		{CF4AACAA-C41B-44F3-AF71-0C66A293D0AE}.Debug|Any CPU.ActiveCfg = Debug|Any CPU
		{CF4AACAA-C41B-44F3-AF71-0C66A293D0AE}.Debug|Any CPU.Build.0 = Debug|Any CPU
		{CF4AACAA-C41B-44F3-AF71-0C66A293D0AE}.Debug|x64.ActiveCfg = Debug|Any CPU
		{CF4AACAA-C41B-44F3-AF71-0C66A293D0AE}.Debug|x64.Build.0 = Debug|Any CPU
		{CF4AACAA-C41B-44F3-AF71-0C66A293D0AE}.Debug|x86.ActiveCfg = Debug|Any CPU
		{CF4AACAA-C41B-44F3-AF71-0C66A293D0AE}.Debug|x86.Build.0 = Debug|Any CPU
		{CF4AACAA-C41B-44F3-AF71-0C66A293D0AE}.Release|Any CPU.ActiveCfg = Release|Any CPU
		{CF4AACAA-C41B-44F3-AF71-0C66A293D0AE}.Release|Any CPU.Build.0 = Release|Any CPU
		{CF4AACAA-C41B-44F3-AF71-0C66A293D0AE}.Release|x64.ActiveCfg = Release|Any CPU
		{CF4AACAA-C41B-44F3-AF71-0C66A293D0AE}.Release|x64.Build.0 = Release|Any CPU
		{CF4AACAA-C41B-44F3-AF71-0C66A293D0AE}.Release|x86.ActiveCfg = Release|Any CPU
		{CF4AACAA-C41B-44F3-AF71-0C66A293D0AE}.Release|x86.Build.0 = Release|Any CPU
	EndGlobalSection
	GlobalSection(SolutionProperties) = preSolution
		HideSolutionNode = FALSE
	EndGlobalSection
EndGlobal
